<?xml version="1.0" encoding="utf-8"?>
<Project ToolsVersion="4.0" xmlns="http://schemas.microsoft.com/developer/msbuild/2003">
  <ItemGroup>
    <Filter Include="Source Files">
      <UniqueIdentifier>{4FC737F1-C7A5-4376-A066-2A32D752A2FF}</UniqueIdentifier>
      <Extensions>cpp;c;cc;cxx;def;odl;idl;hpj;bat;asm;asmx</Extensions>
    </Filter>
    <Filter Include="Util">
      <UniqueIdentifier>{f86fb2ae-4d6b-4fbd-9b41-6621dfa2443d}</UniqueIdentifier>
    </Filter>
    <Filter Include="Math">
      <UniqueIdentifier>{3ba3b445-1b6f-46d1-a723-1a077f92d61f}</UniqueIdentifier>
    </Filter>
    <Filter Include="Lights">
      <UniqueIdentifier>{5084613c-08f6-4d9e-8ec6-03a657ecba3e}</UniqueIdentifier>
    </Filter>
    <Filter Include="Shaders">
      <UniqueIdentifier>{248d86b6-c938-4038-b67a-762b2070eea4}</UniqueIdentifier>
    </Filter>
    <Filter Include="Assets">
      <UniqueIdentifier>{d6487880-7318-407f-9110-6426ca23839c}</UniqueIdentifier>
    </Filter>
    <Filter Include="BVH">
      <UniqueIdentifier>{6ac3a454-7389-4f47-94ef-5dea4a2093e7}</UniqueIdentifier>
    </Filter>
    <Filter Include="Core">
      <UniqueIdentifier>{93995380-89BD-4b04-88EB-625FBE52EBFB}</UniqueIdentifier>
      <Extensions>h;hh;hpp;hxx;hm;inl;inc;ipp;xsd</Extensions>
    </Filter>
  </ItemGroup>
  <ItemGroup>
    <ClInclude Include="Display.h">
      <Filter>Core</Filter>
    </ClInclude>
    <ClInclude Include="Ray.h">
      <Filter>Core</Filter>
    </ClInclude>
    <ClInclude Include="Scene.h">
      <Filter>Core</Filter>
    </ClInclude>
    <ClInclude Include="ChunkBuffer.h">
      <Filter>Util</Filter>
    </ClInclude>
    <ClInclude Include="StringHelper.h">
      <Filter>Util</Filter>
    </ClInclude>
    <ClInclude Include="ScopedTimer.h">
      <Filter>Util</Filter>
    </ClInclude>
    <ClInclude Include="SHRotation.h">
      <Filter>Math</Filter>
    </ClInclude>
    <ClInclude Include="SphericalHarmonics.h">
      <Filter>Math</Filter>
    </ClInclude>
    <ClInclude Include="VectorMath.h">
      <Filter>Math</Filter>
    </ClInclude>
    <ClInclude Include="Util.h">
      <Filter>Util</Filter>
    </ClInclude>
    <ClInclude Include="Types.h">
      <Filter>Util</Filter>
    </ClInclude>
    <ClInclude Include="Light.h">
      <Filter>Lights</Filter>
    </ClInclude>
    <ClInclude Include="Shader.h">
      <Filter>Shaders</Filter>
    </ClInclude>
    <ClInclude Include="MeshShaders.h">
      <Filter>Shaders</Filter>
    </ClInclude>
    <ClInclude Include="AssetLoader.h">
      <Filter>Assets</Filter>
    </ClInclude>
    <ClInclude Include="BVH.h">
      <Filter>BVH</Filter>
    </ClInclude>
  </ItemGroup>
  <ItemGroup>
    <ClCompile Include="DirectionalLight.cpp">
      <Filter>Lights</Filter>
    </ClCompile>
    <ClCompile Include="HDRProbeLight.cpp">
      <Filter>Lights</Filter>
    </ClCompile>
    <ClCompile Include="Light.cpp">
      <Filter>Lights</Filter>
    </ClCompile>
    <ClCompile Include="GlossyShader.cpp">
      <Filter>Shaders</Filter>
    </ClCompile>
    <ClCompile Include="DiffuseShader.cpp">
      <Filter>Shaders</Filter>
    </ClCompile>
    <ClCompile Include="Shader.cpp">
      <Filter>Shaders</Filter>
    </ClCompile>
    <ClCompile Include="SHRotation.cpp">
      <Filter>Math</Filter>
    </ClCompile>
    <ClCompile Include="SphericalHarmonics.cpp">
      <Filter>Math</Filter>
    </ClCompile>
    <ClCompile Include="StringHelper.cpp">
      <Filter>Util</Filter>
    </ClCompile>
    <ClCompile Include="VectorMath.cpp">
      <Filter>Util</Filter>
    </ClCompile>
    <ClCompile Include="AssetLoader.cpp">
      <Filter>Assets</Filter>
    </ClCompile>
    <ClCompile Include="BVH.cpp">
      <Filter>BVH</Filter>
    </ClCompile>
    <ClCompile Include="BVHDebugger.cpp">
      <Filter>BVH</Filter>
    </ClCompile>
    <ClCompile Include="Display.cpp">
      <Filter>Core</Filter>
    </ClCompile>
    <ClCompile Include="Main.cpp">
      <Filter>Core</Filter>
    </ClCompile>
    <ClCompile Include="Mesh.cpp">
      <Filter>Core</Filter>
    </ClCompile>
    <ClCompile Include="Ray.cpp">
      <Filter>Core</Filter>
    </ClCompile>
    <ClCompile Include="Scene.cpp">
      <Filter>Core</Filter>
    </ClCompile>
  </ItemGroup>
</Project>